
Microsoft Visual Studio Solution File, Format Version 12.00
# Visual Studio 15
VisualStudioVersion = 15.0.27703.2042
MinimumVisualStudioVersion = 10.0.40219.1
Project("{FAE04EC0-301F-11D3-BF4B-00C04F79EFBC}") = "WebApplication1", "WebApplication1\WebApplication1.csproj", "{C5F0A618-42A2-48FD-BB0A-0574E10F217C}"
EndProject
Global
	GlobalSection(SolutionConfigurationPlatforms) = preSolution
		Debug|Any CPU = Debug|Any CPU
		Release|Any CPU = Release|Any CPU
	EndGlobalSection
	GlobalSection(ProjectConfigurationPlatforms) = postSolution
		{C5F0A618-42A2-48FD-BB0A-0574E10F217C}.Debug|Any CPU.ActiveCfg = Debug|Any CPU
		{C5F0A618-42A2-48FD-BB0A-0574E10F217C}.Debug|Any CPU.Build.0 = Debug|Any CPU
		{C5F0A618-42A2-48FD-BB0A-0574E10F217C}.Release|Any CPU.ActiveCfg = Release|Any CPU
		{C5F0A618-42A2-48FD-BB0A-0574E10F217C}.Release|Any CPU.Build.0 = Release|Any CPU
	EndGlobalSection
	GlobalSection(SolutionProperties) = preSolution
		HideSolutionNode = FALSE
	EndGlobalSection
	GlobalSection(ExtensibilityGlobals) = postSolution
		SolutionGuid = {73E2F6BC-AF30-46F0-9BA2-0CCAF40A0A98}
	EndGlobalSection
EndGlobal
